// !$*UTF8*$!
{
	archiveVersion = 1;
	classes = {
	};
	objectVersion = 46;
	objects = {

/* Begin PBXBuildFile section */
		5664BF0F1AFC192D00924300 /* CalculatorBrian.swift in Sources */ = {isa = PBXBuildFile; fileRef = 5664BF0E1AFC192D00924300 /* CalculatorBrian.swift */; };
		56B94D1F1AF875240040FF4A /* AppDelegate.swift in Sources */ = {isa = PBXBuildFile; fileRef = 56B94D1E1AF875240040FF4A /* AppDelegate.swift */; };
		56B94D211AF875240040FF4A /* ViewController.swift in Sources */ = {isa = PBXBuildFile; fileRef = 56B94D201AF875240040FF4A /* ViewController.swift */; };
		56B94D241AF875240040FF4A /* Main.storyboard in Resources */ = {isa = PBXBuildFile; fileRef = 56B94D221AF875240040FF4A /* Main.storyboard */; };
		56B94D261AF875240040FF4A /* Images.xcassets in Resources */ = {isa = PBXBuildFile; fileRef = 56B94D251AF875240040FF4A /* Images.xcassets */; };
		56B94D291AF875240040FF4A /* LaunchScreen.xib in Resources */ = {isa = PBXBuildFile; fileRef = 56B94D271AF875240040FF4A /* LaunchScreen.xib */; };
		56B94D351AF875240040FF4A /* CalculatorTests.swift in Sources */ = {isa = PBXBuildFile; fileRef = 56B94D341AF875240040FF4A /* CalculatorTests.swift */; };
		56B94D3F1AF885600040FF4A /* README.md in Sources */ = {isa = PBXBuildFile; fileRef = 56B94D3E1AF885600040FF4A /* README.md */; };
/* End PBXBuildFile section */

/* Begin PBXContainerItemProxy section */
		56B94D2F1AF875240040FF4A /* PBXContainerItemProxy */ = {
			isa = PBXContainerItemProxy;
			containerPortal = 56B94D111AF875240040FF4A /* Project object */;
			proxyType = 1;
			remoteGlobalIDString = 56B94D181AF875240040FF4A;
			remoteInfo = Calculator;
		};
/* End PBXContainerItemProxy section */

/* Begin PBXFileReference section */
		5664BF0E1AFC192D00924300 /* CalculatorBrian.swift */ = {isa = PBXFileReference; fileEncoding = 4; lastKnownFileType = sourcecode.swift; path = CalculatorBrian.swift; sourceTree = "<group>"; };
		56B94D191AF875240040FF4A /* Calculator.app */ = {isa = PBXFileReference; explicitFileType = wrapper.application; includeInIndex = 0; path = Calculator.app; sourceTree = BUILT_PRODUCTS_DIR; };
		56B94D1D1AF875240040FF4A /* Info.plist */ = {isa = PBXFileReference; lastKnownFileType = text.plist.xml; path = Info.plist; sourceTree = "<group>"; };
		56B94D1E1AF875240040FF4A /* AppDelegate.swift */ = {isa = PBXFileReference; lastKnownFileType = sourcecode.swift; path = AppDelegate.swift; sourceTree = "<group>"; };
		56B94D201AF875240040FF4A /* ViewController.swift */ = {isa = PBXFileReference; lastKnownFileType = sourcecode.swift; path = ViewController.swift; sourceTree = "<group>"; };
		56B94D231AF875240040FF4A /* Base */ = {isa = PBXFileReference; lastKnownFileType = file.storyboard; name = Base; path = Base.lproj/Main.storyboard; sourceTree = "<group>"; };
		56B94D251AF875240040FF4A /* Images.xcassets */ = {isa = PBXFileReference; lastKnownFileType = folder.assetcatalog; path = Images.xcassets; sourceTree = "<group>"; };
		56B94D281AF875240040FF4A /* Base */ = {isa = PBXFileReference; lastKnownFileType = file.xib; name = Base; path = Base.lproj/LaunchScreen.xib; sourceTree = "<group>"; };
		56B94D2E1AF875240040FF4A /* CalculatorTests.xctest */ = {isa = PBXFileReference; explicitFileType = wrapper.cfbundle; includeInIndex = 0; path = CalculatorTests.xctest; sourceTree = BUILT_PRODUCTS_DIR; };
		56B94D331AF875240040FF4A /* Info.plist */ = {isa = PBXFileReference; lastKnownFileType = text.plist.xml; path = Info.plist; sourceTree = "<group>"; };
		56B94D341AF875240040FF4A /* CalculatorTests.swift */ = {isa = PBXFileReference; lastKnownFileType = sourcecode.swift; path = CalculatorTests.swift; sourceTree = "<group>"; };
		56B94D3E1AF885600040FF4A /* README.md */ = {isa = PBXFileReference; fileEncoding = 4; lastKnownFileType = net.daringfireball.markdown; path = README.md; sourceTree = "<group>"; };
/* End PBXFileReference section */

/* Begin PBXFrameworksBuildPhase section */
		56B94D161AF875240040FF4A /* Frameworks */ = {
			isa = PBXFrameworksBuildPhase;
			buildActionMask = 2147483647;
			files = (
			);
			runOnlyForDeploymentPostprocessing = 0;
		};
		56B94D2B1AF875240040FF4A /* Frameworks */ = {
			isa = PBXFrameworksBuildPhase;
			buildActionMask = 2147483647;
			files = (
			);
			runOnlyForDeploymentPostprocessing = 0;
		};
/* End PBXFrameworksBuildPhase section */

/* Begin PBXGroup section */
		56B94D101AF875240040FF4A = {
			isa = PBXGroup;
			children = (
				56B94D3E1AF885600040FF4A /* README.md */,
				56B94D1B1AF875240040FF4A /* Calculator */,
				56B94D311AF875240040FF4A /* CalculatorTests */,
				56B94D1A1AF875240040FF4A /* Products */,
			);
			sourceTree = "<group>";
		};
		56B94D1A1AF875240040FF4A /* Products */ = {
			isa = PBXGroup;
			children = (
				56B94D191AF875240040FF4A /* Calculator.app */,
				56B94D2E1AF875240040FF4A /* CalculatorTests.xctest */,
			);
			name = Products;
			sourceTree = "<group>";
		};
		56B94D1B1AF875240040FF4A /* Calculator */ = {
			isa = PBXGroup;
			children = (
				56B94D1E1AF875240040FF4A /* AppDelegate.swift */,
				56B94D201AF875240040FF4A /* ViewController.swift */,
				5664BF0E1AFC192D00924300 /* CalculatorBrian.swift */,
				56B94D221AF875240040FF4A /* Main.storyboard */,
				56B94D251AF875240040FF4A /* Images.xcassets */,
				56B94D271AF875240040FF4A /* LaunchScreen.xib */,
				56B94D1C1AF875240040FF4A /* Supporting Files */,
			);
			path = Calculator;
			sourceTree = "<group>";
		};
		56B94D1C1AF875240040FF4A /* Supporting Files */ = {
			isa = PBXGroup;
			children = (
				56B94D1D1AF875240040FF4A /* Info.plist */,
			);
			name = "Supporting Files";
			sourceTree = "<group>";
		};
		56B94D311AF875240040FF4A /* CalculatorTests */ = {
			isa = PBXGroup;
			children = (
				56B94D341AF875240040FF4A /* CalculatorTests.swift */,
				56B94D321AF875240040FF4A /* Supporting Files */,
			);
			path = CalculatorTests;
			sourceTree = "<group>";
		};
		56B94D321AF875240040FF4A /* Supporting Files */ = {
			isa = PBXGroup;
			children = (
				56B94D331AF875240040FF4A /* Info.plist */,
			);
			name = "Supporting Files";
			sourceTree = "<group>";
		};
/* End PBXGroup section */

/* Begin PBXNativeTarget section */
		56B94D181AF875240040FF4A /* Calculator */ = {
			isa = PBXNativeTarget;
			buildConfigurationList = 56B94D381AF875240040FF4A /* Build configuration list for PBXNativeTarget "Calculator" */;
			buildPhases = (
				56B94D151AF875240040FF4A /* Sources */,
				56B94D161AF875240040FF4A /* Frameworks */,
				56B94D171AF875240040FF4A /* Resources */,
			);
			buildRules = (
			);
			dependencies = (
			);
			name = Calculator;
			productName = Calculator;
			productReference = 56B94D191AF875240040FF4A /* Calculator.app */;
			productType = "com.apple.product-type.application";
		};
		56B94D2D1AF875240040FF4A /* CalculatorTests */ = {
			isa = PBXNativeTarget;
			buildConfigurationList = 56B94D3B1AF875240040FF4A /* Build configuration list for PBXNativeTarget "CalculatorTests" */;
			buildPhases = (
				56B94D2A1AF875240040FF4A /* Sources */,
				56B94D2B1AF875240040FF4A /* Frameworks */,
				56B94D2C1AF875240040FF4A /* Resources */,
			);
			buildRules = (
			);
			dependencies = (
				56B94D301AF875240040FF4A /* PBXTargetDependency */,
			);
			name = CalculatorTests;
			productName = CalculatorTests;
			productReference = 56B94D2E1AF875240040FF4A /* CalculatorTests.xctest */;
			productType = "com.apple.product-type.bundle.unit-test";
		};
/* End PBXNativeTarget section */

/* Begin PBXProject section */
		56B94D111AF875240040FF4A /* Project object */ = {
			isa = PBXProject;
			attributes = {
				LastUpgradeCheck = 0610;
				ORGANIZATIONNAME = "Zhaolong Zhong";
				TargetAttributes = {
					56B94D181AF875240040FF4A = {
						CreatedOnToolsVersion = 6.1.1;
					};
					56B94D2D1AF875240040FF4A = {
						CreatedOnToolsVersion = 6.1.1;
						TestTargetID = 56B94D181AF875240040FF4A;
					};
				};
			};
			buildConfigurationList = 56B94D141AF875240040FF4A /* Build configuration list for PBXProject "Calculator" */;
			compatibilityVersion = "Xcode 3.2";
			developmentRegion = English;
			hasScannedForEncodings = 0;
			knownRegions = (
				en,
				Base,
			);
			mainGroup = 56B94D101AF875240040FF4A;
			productRefGroup = 56B94D1A1AF875240040FF4A /* Products */;
			projectDirPath = "";
			projectRoot = "";
			targets = (
				56B94D181AF875240040FF4A /* Calculator */,
				56B94D2D1AF875240040FF4A /* CalculatorTests */,
			);
		};
/* End PBXProject section */

/* Begin PBXResourcesBuildPhase section */
		56B94D171AF875240040FF4A /* Resources */ = {
			isa = PBXResourcesBuildPhase;
			buildActionMask = 2147483647;
			files = (
				56B94D241AF875240040FF4A /* Main.storyboard in Resources */,
				56B94D291AF875240040FF4A /* LaunchScreen.xib in Resources */,
				56B94D261AF875240040FF4A /* Images.xcassets in Resources */,
			);
			runOnlyForDeploymentPostprocessing = 0;
		};
		56B94D2C1AF875240040FF4A /* Resources */ = {
			isa = PBXResourcesBuildPhase;
			buildActionMask = 2147483647;
			files = (
			);
			runOnlyForDeploymentPostprocessing = 0;
		};
/* End PBXResourcesBuildPhase section */

/* Begin PBXSourcesBuildPhase section */
		56B94D151AF875240040FF4A /* Sources */ = {
			isa = PBXSourcesBuildPhase;
			buildActionMask = 2147483647;
			files = (
				56B94D3F1AF885600040FF4A /* README.md in Sources */,
				56B94D211AF875240040FF4A /* ViewController.swift in Sources */,
				5664BF0F1AFC192D00924300 /* CalculatorBrian.swift in Sources */,
				56B94D1F1AF875240040FF4A /* AppDelegate.swift in Sources */,
			);
			runOnlyForDeploymentPostprocessing = 0;
		};
		56B94D2A1AF875240040FF4A /* Sources */ = {
			isa = PBXSourcesBuildPhase;
			buildActionMask = 2147483647;
			files = (
				56B94D351AF875240040FF4A /* CalculatorTests.swift in Sources */,
			);
			runOnlyForDeploymentPostprocessing = 0;
		};
/* End PBXSourcesBuildPhase section */

/* Begin PBXTargetDependency section */
		56B94D301AF875240040FF4A /* PBXTargetDependency */ = {
			isa = PBXTargetDependency;
			target = 56B94D181AF875240040FF4A /* Calculator */;
			targetProxy = 56B94D2F1AF875240040FF4A /* PBXContainerItemProxy */;
		};
/* End PBXTargetDependency section */

/* Begin PBXVariantGroup section */
		56B94D221AF875240040FF4A /* Main.storyboard */ = {
			isa = PBXVariantGroup;
			children = (
				56B94D231AF875240040FF4A /* Base */,
			);
			name = Main.storyboard;
			sourceTree = "<group>";
		};
		56B94D271AF875240040FF4A /* LaunchScreen.xib */ = {
			isa = PBXVariantGroup;
			children = (
				56B94D281AF875240040FF4A /* Base */,
			);
			name = LaunchScreen.xib;
			sourceTree = "<group>";
		};
/* End PBXVariantGroup section */

/* Begin XCBuildConfiguration section */
		56B94D361AF875240040FF4A /* Debug */ = {
			isa = XCBuildConfiguration;
			buildSettings = {
				ALWAYS_SEARCH_USER_PATHS = NO;
				CLANG_CXX_LANGUAGE_STANDARD = "gnu++0x";
				CLANG_CXX_LIBRARY = "libc++";
				CLANG_ENABLE_MODULES = YES;
				CLANG_ENABLE_OBJC_ARC = YES;
				CLANG_WARN_BOOL_CONVERSION = YES;
				CLANG_WARN_CONSTANT_CONVERSION = YES;
				CLANG_WARN_DIRECT_OBJC_ISA_USAGE = YES_ERROR;
				CLANG_WARN_EMPTY_BODY = YES;
				CLANG_WARN_ENUM_CONVERSION = YES;
				CLANG_WARN_INT_CONVERSION = YES;
				CLANG_WARN_OBJC_ROOT_CLASS = YES_ERROR;
				CLANG_WARN_UNREACHABLE_CODE = YES;
				CLANG_WARN__DUPLICATE_METHOD_MATCH = YES;
				"CODE_SIGN_IDENTITY[sdk=iphoneos*]" = "iPhone Developer";
				COPY_PHASE_STRIP = NO;
				ENABLE_STRICT_OBJC_MSGSEND = YES;
				GCC_C_LANGUAGE_STANDARD = gnu99;
				GCC_DYNAMIC_NO_PIC = NO;
				GCC_OPTIMIZATION_LEVEL = 0;
				GCC_PREPROCESSOR_DEFINITIONS = (
					"DEBUG=1",
					"$(inherited)",
				);
				GCC_SYMBOLS_PRIVATE_EXTERN = NO;
				GCC_WARN_64_TO_32_BIT_CONVERSION = YES;
				GCC_WARN_ABOUT_RETURN_TYPE = YES_ERROR;
				GCC_WARN_UNDECLARED_SELECTOR = YES;
				GCC_WARN_UNINITIALIZED_AUTOS = YES_AGGRESSIVE;
				GCC_WARN_UNUSED_FUNCTION = YES;
				GCC_WARN_UNUSED_VARIABLE = YES;
				IPHONEOS_DEPLOYMENT_TARGET = 8.1;
				MTL_ENABLE_DEBUG_INFO = YES;
				ONLY_ACTIVE_ARCH = YES;
				SDKROOT = iphoneos;
				SWIFT_OPTIMIZATION_LEVEL = "-Onone";
				TARGETED_DEVICE_FAMILY = "1,2";
			};
			name = Debug;
		};
		56B94D371AF875240040FF4A /* Release */ = {
			isa = XCBuildConfiguration;
			buildSettings = {
				ALWAYS_SEARCH_USER_PATHS = NO;
				CLANG_CXX_LANGUAGE_STANDARD = "gnu++0x";
				CLANG_CXX_LIBRARY = "libc++";
				CLANG_ENABLE_MODULES = YES;
				CLANG_ENABLE_OBJC_ARC = YES;
				CLANG_WARN_BOOL_CONVERSION = YES;
				CLANG_WARN_CONSTANT_CONVERSION = YES;
				CLANG_WARN_DIRECT_OBJC_ISA_USAGE = YES_ERROR;
				CLANG_WARN_EMPTY_BODY = YES;
				CLANG_WARN_ENUM_CONVERSION = YES;
				CLANG_WARN_INT_CONVERSION = YES;
				CLANG_WARN_OBJC_ROOT_CLASS = YES_ERROR;
				CLANG_WARN_UNREACHABLE_CODE = YES;
				CLANG_WARN__DUPLICATE_METHOD_MATCH = YES;
				"CODE_SIGN_IDENTITY[sdk=iphoneos*]" = "iPhone Developer";
				COPY_PHASE_STRIP = YES;
				ENABLE_NS_ASSERTIONS = NO;
				ENABLE_STRICT_OBJC_MSGSEND = YES;
				GCC_C_LANGUAGE_STANDARD = gnu99;
				GCC_WARN_64_TO_32_BIT_CONVERSION = YES;
				GCC_WARN_ABOUT_RETURN_TYPE = YES_ERROR;
				GCC_WARN_UNDECLARED_SELECTOR = YES;
				GCC_WARN_UNINITIALIZED_AUTOS = YES_AGGRESSIVE;
				GCC_WARN_UNUSED_FUNCTION = YES;
				GCC_WARN_UNUSED_VARIABLE = YES;
				IPHONEOS_DEPLOYMENT_TARGET = 8.1;
				MTL_ENABLE_DEBUG_INFO = NO;
				SDKROOT = iphoneos;
				TARGETED_DEVICE_FAMILY = "1,2";
				VALIDATE_PRODUCT = YES;
			};
			name = Release;
		};
		56B94D391AF875240040FF4A /* Debug */ = {
			isa = XCBuildConfiguration;
			buildSettings = {
				ASSETCATALOG_COMPILER_APPICON_NAME = AppIcon;
				INFOPLIST_FILE = Calculator/Info.plist;
				LD_RUNPATH_SEARCH_PATHS = "$(inherited) @executable_path/Frameworks";
				PRODUCT_NAME = "$(TARGET_NAME)";
			};
			name = Debug;
		};
		56B94D3A1AF875240040FF4A /* Release */ = {
			isa = XCBuildConfiguration;
			buildSettings = {
				ASSETCATALOG_COMPILER_APPICON_NAME = AppIcon;
				INFOPLIST_FILE = Calculator/Info.plist;
				LD_RUNPATH_SEARCH_PATHS = "$(inherited) @executable_path/Frameworks";
				PRODUCT_NAME = "$(TARGET_NAME)";
			};
			name = Release;
		};
		56B94D3C1AF875240040FF4A /* Debug */ = {
			isa = XCBuildConfiguration;
			buildSettings = {
				BUNDLE_LOADER = "$(TEST_HOST)";
				FRAMEWORK_SEARCH_PATHS = (
					"$(SDKROOT)/Developer/Library/Frameworks",
					"$(inherited)",
				);
				GCC_PREPROCESSOR_DEFINITIONS = (
					"DEBUG=1",
					"$(inherited)",
				);
				INFOPLIST_FILE = CalculatorTests/Info.plist;
				LD_RUNPATH_SEARCH_PATHS = "$(inherited) @executable_path/Frameworks @loader_path/Frameworks";
				PRODUCT_NAME = "$(TARGET_NAME)";
				TEST_HOST = "$(BUILT_PRODUCTS_DIR)/Calculator.app/Calculator";
			};
			name = Debug;
		};
		56B94D3D1AF875240040FF4A /* Release */ = {
			isa = XCBuildConfiguration;
			buildSettings = {
				BUNDLE_LOADER = "$(TEST_HOST)";
				FRAMEWORK_SEARCH_PATHS = (
					"$(SDKROOT)/Developer/Library/Frameworks",
					"$(inherited)",
				);
				INFOPLIST_FILE = CalculatorTests/Info.plist;
				LD_RUNPATH_SEARCH_PATHS = "$(inherited) @executable_path/Frameworks @loader_path/Frameworks";
				PRODUCT_NAME = "$(TARGET_NAME)";
				TEST_HOST = "$(BUILT_PRODUCTS_DIR)/Calculator.app/Calculator";
			};
			name = Release;
		};
/* End XCBuildConfiguration section */

/* Begin XCConfigurationList section */
		56B94D141AF875240040FF4A /* Build configuration list for PBXProject "Calculator" */ = {
			isa = XCConfigurationList;
			buildConfigurations = (
				56B94D361AF875240040FF4A /* Debug */,
				56B94D371AF875240040FF4A /* Release */,
			);
			defaultConfigurationIsVisible = 0;
			defaultConfigurationName = Release;
		};
		56B94D381AF875240040FF4A /* Build configuration list for PBXNativeTarget "Calculator" */ = {
			isa = XCConfigurationList;
			buildConfigurations = (
				56B94D391AF875240040FF4A /* Debug */,
				56B94D3A1AF875240040FF4A /* Release */,
			);
			defaultConfigurationIsVisible = 0;
			defaultConfigurationName = Release;
		};
		56B94D3B1AF875240040FF4A /* Build configuration list for PBXNativeTarget "CalculatorTests" */ = {
			isa = XCConfigurationList;
			buildConfigurations = (
				56B94D3C1AF875240040FF4A /* Debug */,
				56B94D3D1AF875240040FF4A /* Release */,
			);
			defaultConfigurationIsVisible = 0;
			defaultConfigurationName = Release;
		};
/* End XCConfigurationList section */
	};
	rootObject = 56B94D111AF875240040FF4A /* Project object */;
}
