// !$*UTF8*$!
{
	archiveVersion = 1;
	classes = {
	};
	objectVersion = 46;
	objects = {

/* Begin PBXBuildFile section */
		56ADC0261B065E0600D49549 /* AppDelegate.swift in Sources */ = {isa = PBXBuildFile; fileRef = 56ADC0251B065E0600D49549 /* AppDelegate.swift */; };
		56ADC0281B065E0600D49549 /* ViewController.swift in Sources */ = {isa = PBXBuildFile; fileRef = 56ADC0271B065E0600D49549 /* ViewController.swift */; };
		56ADC02B1B065E0600D49549 /* Main.storyboard in Resources */ = {isa = PBXBuildFile; fileRef = 56ADC0291B065E0600D49549 /* Main.storyboard */; };
		56ADC02D1B065E0600D49549 /* Images.xcassets in Resources */ = {isa = PBXBuildFile; fileRef = 56ADC02C1B065E0600D49549 /* Images.xcassets */; };
		56ADC0301B065E0600D49549 /* LaunchScreen.xib in Resources */ = {isa = PBXBuildFile; fileRef = 56ADC02E1B065E0600D49549 /* LaunchScreen.xib */; };
		56ADC03C1B065E0600D49549 /* BouncerTests.swift in Sources */ = {isa = PBXBuildFile; fileRef = 56ADC03B1B065E0600D49549 /* BouncerTests.swift */; };
		56ADC0461B065E5400D49549 /* BouncerBehavior.swift in Sources */ = {isa = PBXBuildFile; fileRef = 56ADC0451B065E5400D49549 /* BouncerBehavior.swift */; };
/* End PBXBuildFile section */

/* Begin PBXContainerItemProxy section */
		56ADC0361B065E0600D49549 /* PBXContainerItemProxy */ = {
			isa = PBXContainerItemProxy;
			containerPortal = 56ADC0181B065E0500D49549 /* Project object */;
			proxyType = 1;
			remoteGlobalIDString = 56ADC01F1B065E0600D49549;
			remoteInfo = Bouncer;
		};
/* End PBXContainerItemProxy section */

/* Begin PBXFileReference section */
		56ADC0201B065E0600D49549 /* Bouncer.app */ = {isa = PBXFileReference; explicitFileType = wrapper.application; includeInIndex = 0; path = Bouncer.app; sourceTree = BUILT_PRODUCTS_DIR; };
		56ADC0241B065E0600D49549 /* Info.plist */ = {isa = PBXFileReference; lastKnownFileType = text.plist.xml; path = Info.plist; sourceTree = "<group>"; };
		56ADC0251B065E0600D49549 /* AppDelegate.swift */ = {isa = PBXFileReference; lastKnownFileType = sourcecode.swift; path = AppDelegate.swift; sourceTree = "<group>"; };
		56ADC0271B065E0600D49549 /* ViewController.swift */ = {isa = PBXFileReference; lastKnownFileType = sourcecode.swift; path = ViewController.swift; sourceTree = "<group>"; };
		56ADC02A1B065E0600D49549 /* Base */ = {isa = PBXFileReference; lastKnownFileType = file.storyboard; name = Base; path = Base.lproj/Main.storyboard; sourceTree = "<group>"; };
		56ADC02C1B065E0600D49549 /* Images.xcassets */ = {isa = PBXFileReference; lastKnownFileType = folder.assetcatalog; path = Images.xcassets; sourceTree = "<group>"; };
		56ADC02F1B065E0600D49549 /* Base */ = {isa = PBXFileReference; lastKnownFileType = file.xib; name = Base; path = Base.lproj/LaunchScreen.xib; sourceTree = "<group>"; };
		56ADC0351B065E0600D49549 /* BouncerTests.xctest */ = {isa = PBXFileReference; explicitFileType = wrapper.cfbundle; includeInIndex = 0; path = BouncerTests.xctest; sourceTree = BUILT_PRODUCTS_DIR; };
		56ADC03A1B065E0600D49549 /* Info.plist */ = {isa = PBXFileReference; lastKnownFileType = text.plist.xml; path = Info.plist; sourceTree = "<group>"; };
		56ADC03B1B065E0600D49549 /* BouncerTests.swift */ = {isa = PBXFileReference; lastKnownFileType = sourcecode.swift; path = BouncerTests.swift; sourceTree = "<group>"; };
		56ADC0451B065E5400D49549 /* BouncerBehavior.swift */ = {isa = PBXFileReference; fileEncoding = 4; lastKnownFileType = sourcecode.swift; path = BouncerBehavior.swift; sourceTree = SOURCE_ROOT; };
/* End PBXFileReference section */

/* Begin PBXFrameworksBuildPhase section */
		56ADC01D1B065E0600D49549 /* Frameworks */ = {
			isa = PBXFrameworksBuildPhase;
			buildActionMask = 2147483647;
			files = (
			);
			runOnlyForDeploymentPostprocessing = 0;
		};
		56ADC0321B065E0600D49549 /* Frameworks */ = {
			isa = PBXFrameworksBuildPhase;
			buildActionMask = 2147483647;
			files = (
			);
			runOnlyForDeploymentPostprocessing = 0;
		};
/* End PBXFrameworksBuildPhase section */

/* Begin PBXGroup section */
		56ADC0171B065E0500D49549 = {
			isa = PBXGroup;
			children = (
				56ADC0221B065E0600D49549 /* Bouncer */,
				56ADC0381B065E0600D49549 /* BouncerTests */,
				56ADC0211B065E0600D49549 /* Products */,
			);
			sourceTree = "<group>";
		};
		56ADC0211B065E0600D49549 /* Products */ = {
			isa = PBXGroup;
			children = (
				56ADC0201B065E0600D49549 /* Bouncer.app */,
				56ADC0351B065E0600D49549 /* BouncerTests.xctest */,
			);
			name = Products;
			sourceTree = "<group>";
		};
		56ADC0221B065E0600D49549 /* Bouncer */ = {
			isa = PBXGroup;
			children = (
				56ADC0451B065E5400D49549 /* BouncerBehavior.swift */,
				56ADC0251B065E0600D49549 /* AppDelegate.swift */,
				56ADC0271B065E0600D49549 /* ViewController.swift */,
				56ADC0291B065E0600D49549 /* Main.storyboard */,
				56ADC02C1B065E0600D49549 /* Images.xcassets */,
				56ADC02E1B065E0600D49549 /* LaunchScreen.xib */,
				56ADC0231B065E0600D49549 /* Supporting Files */,
			);
			path = Bouncer;
			sourceTree = "<group>";
		};
		56ADC0231B065E0600D49549 /* Supporting Files */ = {
			isa = PBXGroup;
			children = (
				56ADC0241B065E0600D49549 /* Info.plist */,
			);
			name = "Supporting Files";
			sourceTree = "<group>";
		};
		56ADC0381B065E0600D49549 /* BouncerTests */ = {
			isa = PBXGroup;
			children = (
				56ADC03B1B065E0600D49549 /* BouncerTests.swift */,
				56ADC0391B065E0600D49549 /* Supporting Files */,
			);
			path = BouncerTests;
			sourceTree = "<group>";
		};
		56ADC0391B065E0600D49549 /* Supporting Files */ = {
			isa = PBXGroup;
			children = (
				56ADC03A1B065E0600D49549 /* Info.plist */,
			);
			name = "Supporting Files";
			sourceTree = "<group>";
		};
/* End PBXGroup section */

/* Begin PBXNativeTarget section */
		56ADC01F1B065E0600D49549 /* Bouncer */ = {
			isa = PBXNativeTarget;
			buildConfigurationList = 56ADC03F1B065E0600D49549 /* Build configuration list for PBXNativeTarget "Bouncer" */;
			buildPhases = (
				56ADC01C1B065E0600D49549 /* Sources */,
				56ADC01D1B065E0600D49549 /* Frameworks */,
				56ADC01E1B065E0600D49549 /* Resources */,
			);
			buildRules = (
			);
			dependencies = (
			);
			name = Bouncer;
			productName = Bouncer;
			productReference = 56ADC0201B065E0600D49549 /* Bouncer.app */;
			productType = "com.apple.product-type.application";
		};
		56ADC0341B065E0600D49549 /* BouncerTests */ = {
			isa = PBXNativeTarget;
			buildConfigurationList = 56ADC0421B065E0600D49549 /* Build configuration list for PBXNativeTarget "BouncerTests" */;
			buildPhases = (
				56ADC0311B065E0600D49549 /* Sources */,
				56ADC0321B065E0600D49549 /* Frameworks */,
				56ADC0331B065E0600D49549 /* Resources */,
			);
			buildRules = (
			);
			dependencies = (
				56ADC0371B065E0600D49549 /* PBXTargetDependency */,
			);
			name = BouncerTests;
			productName = BouncerTests;
			productReference = 56ADC0351B065E0600D49549 /* BouncerTests.xctest */;
			productType = "com.apple.product-type.bundle.unit-test";
		};
/* End PBXNativeTarget section */

/* Begin PBXProject section */
		56ADC0181B065E0500D49549 /* Project object */ = {
			isa = PBXProject;
			attributes = {
				LastUpgradeCheck = 0610;
				ORGANIZATIONNAME = "Zhaolong Zhong";
				TargetAttributes = {
					56ADC01F1B065E0600D49549 = {
						CreatedOnToolsVersion = 6.1.1;
					};
					56ADC0341B065E0600D49549 = {
						CreatedOnToolsVersion = 6.1.1;
						TestTargetID = 56ADC01F1B065E0600D49549;
					};
				};
			};
			buildConfigurationList = 56ADC01B1B065E0500D49549 /* Build configuration list for PBXProject "Bouncer" */;
			compatibilityVersion = "Xcode 3.2";
			developmentRegion = English;
			hasScannedForEncodings = 0;
			knownRegions = (
				en,
				Base,
			);
			mainGroup = 56ADC0171B065E0500D49549;
			productRefGroup = 56ADC0211B065E0600D49549 /* Products */;
			projectDirPath = "";
			projectRoot = "";
			targets = (
				56ADC01F1B065E0600D49549 /* Bouncer */,
				56ADC0341B065E0600D49549 /* BouncerTests */,
			);
		};
/* End PBXProject section */

/* Begin PBXResourcesBuildPhase section */
		56ADC01E1B065E0600D49549 /* Resources */ = {
			isa = PBXResourcesBuildPhase;
			buildActionMask = 2147483647;
			files = (
				56ADC02B1B065E0600D49549 /* Main.storyboard in Resources */,
				56ADC0301B065E0600D49549 /* LaunchScreen.xib in Resources */,
				56ADC02D1B065E0600D49549 /* Images.xcassets in Resources */,
			);
			runOnlyForDeploymentPostprocessing = 0;
		};
		56ADC0331B065E0600D49549 /* Resources */ = {
			isa = PBXResourcesBuildPhase;
			buildActionMask = 2147483647;
			files = (
			);
			runOnlyForDeploymentPostprocessing = 0;
		};
/* End PBXResourcesBuildPhase section */

/* Begin PBXSourcesBuildPhase section */
		56ADC01C1B065E0600D49549 /* Sources */ = {
			isa = PBXSourcesBuildPhase;
			buildActionMask = 2147483647;
			files = (
				56ADC0281B065E0600D49549 /* ViewController.swift in Sources */,
				56ADC0261B065E0600D49549 /* AppDelegate.swift in Sources */,
				56ADC0461B065E5400D49549 /* BouncerBehavior.swift in Sources */,
			);
			runOnlyForDeploymentPostprocessing = 0;
		};
		56ADC0311B065E0600D49549 /* Sources */ = {
			isa = PBXSourcesBuildPhase;
			buildActionMask = 2147483647;
			files = (
				56ADC03C1B065E0600D49549 /* BouncerTests.swift in Sources */,
			);
			runOnlyForDeploymentPostprocessing = 0;
		};
/* End PBXSourcesBuildPhase section */

/* Begin PBXTargetDependency section */
		56ADC0371B065E0600D49549 /* PBXTargetDependency */ = {
			isa = PBXTargetDependency;
			target = 56ADC01F1B065E0600D49549 /* Bouncer */;
			targetProxy = 56ADC0361B065E0600D49549 /* PBXContainerItemProxy */;
		};
/* End PBXTargetDependency section */

/* Begin PBXVariantGroup section */
		56ADC0291B065E0600D49549 /* Main.storyboard */ = {
			isa = PBXVariantGroup;
			children = (
				56ADC02A1B065E0600D49549 /* Base */,
			);
			name = Main.storyboard;
			sourceTree = "<group>";
		};
		56ADC02E1B065E0600D49549 /* LaunchScreen.xib */ = {
			isa = PBXVariantGroup;
			children = (
				56ADC02F1B065E0600D49549 /* Base */,
			);
			name = LaunchScreen.xib;
			sourceTree = "<group>";
		};
/* End PBXVariantGroup section */

/* Begin XCBuildConfiguration section */
		56ADC03D1B065E0600D49549 /* Debug */ = {
			isa = XCBuildConfiguration;
			buildSettings = {
				ALWAYS_SEARCH_USER_PATHS = NO;
				CLANG_CXX_LANGUAGE_STANDARD = "gnu++0x";
				CLANG_CXX_LIBRARY = "libc++";
				CLANG_ENABLE_MODULES = YES;
				CLANG_ENABLE_OBJC_ARC = YES;
				CLANG_WARN_BOOL_CONVERSION = YES;
				CLANG_WARN_CONSTANT_CONVERSION = YES;
				CLANG_WARN_DIRECT_OBJC_ISA_USAGE = YES_ERROR;
				CLANG_WARN_EMPTY_BODY = YES;
				CLANG_WARN_ENUM_CONVERSION = YES;
				CLANG_WARN_INT_CONVERSION = YES;
				CLANG_WARN_OBJC_ROOT_CLASS = YES_ERROR;
				CLANG_WARN_UNREACHABLE_CODE = YES;
				CLANG_WARN__DUPLICATE_METHOD_MATCH = YES;
				"CODE_SIGN_IDENTITY[sdk=iphoneos*]" = "iPhone Developer";
				COPY_PHASE_STRIP = NO;
				ENABLE_STRICT_OBJC_MSGSEND = YES;
				GCC_C_LANGUAGE_STANDARD = gnu99;
				GCC_DYNAMIC_NO_PIC = NO;
				GCC_OPTIMIZATION_LEVEL = 0;
				GCC_PREPROCESSOR_DEFINITIONS = (
					"DEBUG=1",
					"$(inherited)",
				);
				GCC_SYMBOLS_PRIVATE_EXTERN = NO;
				GCC_WARN_64_TO_32_BIT_CONVERSION = YES;
				GCC_WARN_ABOUT_RETURN_TYPE = YES_ERROR;
				GCC_WARN_UNDECLARED_SELECTOR = YES;
				GCC_WARN_UNINITIALIZED_AUTOS = YES_AGGRESSIVE;
				GCC_WARN_UNUSED_FUNCTION = YES;
				GCC_WARN_UNUSED_VARIABLE = YES;
				IPHONEOS_DEPLOYMENT_TARGET = 8.1;
				MTL_ENABLE_DEBUG_INFO = YES;
				ONLY_ACTIVE_ARCH = YES;
				SDKROOT = iphoneos;
				SWIFT_OPTIMIZATION_LEVEL = "-Onone";
				TARGETED_DEVICE_FAMILY = "1,2";
			};
			name = Debug;
		};
		56ADC03E1B065E0600D49549 /* Release */ = {
			isa = XCBuildConfiguration;
			buildSettings = {
				ALWAYS_SEARCH_USER_PATHS = NO;
				CLANG_CXX_LANGUAGE_STANDARD = "gnu++0x";
				CLANG_CXX_LIBRARY = "libc++";
				CLANG_ENABLE_MODULES = YES;
				CLANG_ENABLE_OBJC_ARC = YES;
				CLANG_WARN_BOOL_CONVERSION = YES;
				CLANG_WARN_CONSTANT_CONVERSION = YES;
				CLANG_WARN_DIRECT_OBJC_ISA_USAGE = YES_ERROR;
				CLANG_WARN_EMPTY_BODY = YES;
				CLANG_WARN_ENUM_CONVERSION = YES;
				CLANG_WARN_INT_CONVERSION = YES;
				CLANG_WARN_OBJC_ROOT_CLASS = YES_ERROR;
				CLANG_WARN_UNREACHABLE_CODE = YES;
				CLANG_WARN__DUPLICATE_METHOD_MATCH = YES;
				"CODE_SIGN_IDENTITY[sdk=iphoneos*]" = "iPhone Developer";
				COPY_PHASE_STRIP = YES;
				ENABLE_NS_ASSERTIONS = NO;
				ENABLE_STRICT_OBJC_MSGSEND = YES;
				GCC_C_LANGUAGE_STANDARD = gnu99;
				GCC_WARN_64_TO_32_BIT_CONVERSION = YES;
				GCC_WARN_ABOUT_RETURN_TYPE = YES_ERROR;
				GCC_WARN_UNDECLARED_SELECTOR = YES;
				GCC_WARN_UNINITIALIZED_AUTOS = YES_AGGRESSIVE;
				GCC_WARN_UNUSED_FUNCTION = YES;
				GCC_WARN_UNUSED_VARIABLE = YES;
				IPHONEOS_DEPLOYMENT_TARGET = 8.1;
				MTL_ENABLE_DEBUG_INFO = NO;
				SDKROOT = iphoneos;
				TARGETED_DEVICE_FAMILY = "1,2";
				VALIDATE_PRODUCT = YES;
			};
			name = Release;
		};
		56ADC0401B065E0600D49549 /* Debug */ = {
			isa = XCBuildConfiguration;
			buildSettings = {
				ASSETCATALOG_COMPILER_APPICON_NAME = AppIcon;
				INFOPLIST_FILE = Bouncer/Info.plist;
				LD_RUNPATH_SEARCH_PATHS = "$(inherited) @executable_path/Frameworks";
				PRODUCT_NAME = "$(TARGET_NAME)";
			};
			name = Debug;
		};
		56ADC0411B065E0600D49549 /* Release */ = {
			isa = XCBuildConfiguration;
			buildSettings = {
				ASSETCATALOG_COMPILER_APPICON_NAME = AppIcon;
				INFOPLIST_FILE = Bouncer/Info.plist;
				LD_RUNPATH_SEARCH_PATHS = "$(inherited) @executable_path/Frameworks";
				PRODUCT_NAME = "$(TARGET_NAME)";
			};
			name = Release;
		};
		56ADC0431B065E0600D49549 /* Debug */ = {
			isa = XCBuildConfiguration;
			buildSettings = {
				BUNDLE_LOADER = "$(TEST_HOST)";
				FRAMEWORK_SEARCH_PATHS = (
					"$(SDKROOT)/Developer/Library/Frameworks",
					"$(inherited)",
				);
				GCC_PREPROCESSOR_DEFINITIONS = (
					"DEBUG=1",
					"$(inherited)",
				);
				INFOPLIST_FILE = BouncerTests/Info.plist;
				LD_RUNPATH_SEARCH_PATHS = "$(inherited) @executable_path/Frameworks @loader_path/Frameworks";
				PRODUCT_NAME = "$(TARGET_NAME)";
				TEST_HOST = "$(BUILT_PRODUCTS_DIR)/Bouncer.app/Bouncer";
			};
			name = Debug;
		};
		56ADC0441B065E0600D49549 /* Release */ = {
			isa = XCBuildConfiguration;
			buildSettings = {
				BUNDLE_LOADER = "$(TEST_HOST)";
				FRAMEWORK_SEARCH_PATHS = (
					"$(SDKROOT)/Developer/Library/Frameworks",
					"$(inherited)",
				);
				INFOPLIST_FILE = BouncerTests/Info.plist;
				LD_RUNPATH_SEARCH_PATHS = "$(inherited) @executable_path/Frameworks @loader_path/Frameworks";
				PRODUCT_NAME = "$(TARGET_NAME)";
				TEST_HOST = "$(BUILT_PRODUCTS_DIR)/Bouncer.app/Bouncer";
			};
			name = Release;
		};
/* End XCBuildConfiguration section */

/* Begin XCConfigurationList section */
		56ADC01B1B065E0500D49549 /* Build configuration list for PBXProject "Bouncer" */ = {
			isa = XCConfigurationList;
			buildConfigurations = (
				56ADC03D1B065E0600D49549 /* Debug */,
				56ADC03E1B065E0600D49549 /* Release */,
			);
			defaultConfigurationIsVisible = 0;
			defaultConfigurationName = Release;
		};
		56ADC03F1B065E0600D49549 /* Build configuration list for PBXNativeTarget "Bouncer" */ = {
			isa = XCConfigurationList;
			buildConfigurations = (
				56ADC0401B065E0600D49549 /* Debug */,
				56ADC0411B065E0600D49549 /* Release */,
			);
			defaultConfigurationIsVisible = 0;
		};
		56ADC0421B065E0600D49549 /* Build configuration list for PBXNativeTarget "BouncerTests" */ = {
			isa = XCConfigurationList;
			buildConfigurations = (
				56ADC0431B065E0600D49549 /* Debug */,
				56ADC0441B065E0600D49549 /* Release */,
			);
			defaultConfigurationIsVisible = 0;
		};
/* End XCConfigurationList section */
	};
	rootObject = 56ADC0181B065E0500D49549 /* Project object */;
}
