// !$*UTF8*$!
{
	archiveVersion = 1;
	classes = {
	};
	objectVersion = 46;
	objects = {

/* Begin PBXBuildFile section */
		564C24E31B00473200692BBB /* AppDelegate.swift in Sources */ = {isa = PBXBuildFile; fileRef = 564C24E21B00473200692BBB /* AppDelegate.swift */; };
		564C24E51B00473200692BBB /* PsychologistViewController.swift in Sources */ = {isa = PBXBuildFile; fileRef = 564C24E41B00473200692BBB /* PsychologistViewController.swift */; };
		564C24E81B00473200692BBB /* Main.storyboard in Resources */ = {isa = PBXBuildFile; fileRef = 564C24E61B00473200692BBB /* Main.storyboard */; };
		564C24EA1B00473200692BBB /* Images.xcassets in Resources */ = {isa = PBXBuildFile; fileRef = 564C24E91B00473200692BBB /* Images.xcassets */; };
		564C24ED1B00473200692BBB /* LaunchScreen.xib in Resources */ = {isa = PBXBuildFile; fileRef = 564C24EB1B00473200692BBB /* LaunchScreen.xib */; };
		564C24F91B00473200692BBB /* PsychologistTests.swift in Sources */ = {isa = PBXBuildFile; fileRef = 564C24F81B00473200692BBB /* PsychologistTests.swift */; };
		564C25041B004A7500692BBB /* FaceView.swift in Sources */ = {isa = PBXBuildFile; fileRef = 564C25021B004A7500692BBB /* FaceView.swift */; };
		564C25051B004A7500692BBB /* HappinessViewController.swift in Sources */ = {isa = PBXBuildFile; fileRef = 564C25031B004A7500692BBB /* HappinessViewController.swift */; };
/* End PBXBuildFile section */

/* Begin PBXContainerItemProxy section */
		564C24F31B00473200692BBB /* PBXContainerItemProxy */ = {
			isa = PBXContainerItemProxy;
			containerPortal = 564C24D51B00473200692BBB /* Project object */;
			proxyType = 1;
			remoteGlobalIDString = 564C24DC1B00473200692BBB;
			remoteInfo = Psychologist;
		};
/* End PBXContainerItemProxy section */

/* Begin PBXFileReference section */
		564C24DD1B00473200692BBB /* Psychologist.app */ = {isa = PBXFileReference; explicitFileType = wrapper.application; includeInIndex = 0; path = Psychologist.app; sourceTree = BUILT_PRODUCTS_DIR; };
		564C24E11B00473200692BBB /* Info.plist */ = {isa = PBXFileReference; lastKnownFileType = text.plist.xml; path = Info.plist; sourceTree = "<group>"; };
		564C24E21B00473200692BBB /* AppDelegate.swift */ = {isa = PBXFileReference; lastKnownFileType = sourcecode.swift; path = AppDelegate.swift; sourceTree = "<group>"; };
		564C24E41B00473200692BBB /* PsychologistViewController.swift */ = {isa = PBXFileReference; lastKnownFileType = sourcecode.swift; path = PsychologistViewController.swift; sourceTree = "<group>"; };
		564C24E71B00473200692BBB /* Base */ = {isa = PBXFileReference; lastKnownFileType = file.storyboard; name = Base; path = Base.lproj/Main.storyboard; sourceTree = "<group>"; };
		564C24E91B00473200692BBB /* Images.xcassets */ = {isa = PBXFileReference; lastKnownFileType = folder.assetcatalog; path = Images.xcassets; sourceTree = "<group>"; };
		564C24EC1B00473200692BBB /* Base */ = {isa = PBXFileReference; lastKnownFileType = file.xib; name = Base; path = Base.lproj/LaunchScreen.xib; sourceTree = "<group>"; };
		564C24F21B00473200692BBB /* PsychologistTests.xctest */ = {isa = PBXFileReference; explicitFileType = wrapper.cfbundle; includeInIndex = 0; path = PsychologistTests.xctest; sourceTree = BUILT_PRODUCTS_DIR; };
		564C24F71B00473200692BBB /* Info.plist */ = {isa = PBXFileReference; lastKnownFileType = text.plist.xml; path = Info.plist; sourceTree = "<group>"; };
		564C24F81B00473200692BBB /* PsychologistTests.swift */ = {isa = PBXFileReference; lastKnownFileType = sourcecode.swift; path = PsychologistTests.swift; sourceTree = "<group>"; };
		564C25021B004A7500692BBB /* FaceView.swift */ = {isa = PBXFileReference; fileEncoding = 4; lastKnownFileType = sourcecode.swift; path = FaceView.swift; sourceTree = "<group>"; };
		564C25031B004A7500692BBB /* HappinessViewController.swift */ = {isa = PBXFileReference; fileEncoding = 4; lastKnownFileType = sourcecode.swift; path = HappinessViewController.swift; sourceTree = "<group>"; };
/* End PBXFileReference section */

/* Begin PBXFrameworksBuildPhase section */
		564C24DA1B00473200692BBB /* Frameworks */ = {
			isa = PBXFrameworksBuildPhase;
			buildActionMask = 2147483647;
			files = (
			);
			runOnlyForDeploymentPostprocessing = 0;
		};
		564C24EF1B00473200692BBB /* Frameworks */ = {
			isa = PBXFrameworksBuildPhase;
			buildActionMask = 2147483647;
			files = (
			);
			runOnlyForDeploymentPostprocessing = 0;
		};
/* End PBXFrameworksBuildPhase section */

/* Begin PBXGroup section */
		564C24D41B00473200692BBB = {
			isa = PBXGroup;
			children = (
				564C24DF1B00473200692BBB /* Psychologist */,
				564C24F51B00473200692BBB /* PsychologistTests */,
				564C24DE1B00473200692BBB /* Products */,
			);
			sourceTree = "<group>";
		};
		564C24DE1B00473200692BBB /* Products */ = {
			isa = PBXGroup;
			children = (
				564C24DD1B00473200692BBB /* Psychologist.app */,
				564C24F21B00473200692BBB /* PsychologistTests.xctest */,
			);
			name = Products;
			sourceTree = "<group>";
		};
		564C24DF1B00473200692BBB /* Psychologist */ = {
			isa = PBXGroup;
			children = (
				564C25021B004A7500692BBB /* FaceView.swift */,
				564C25031B004A7500692BBB /* HappinessViewController.swift */,
				564C24E41B00473200692BBB /* PsychologistViewController.swift */,
				564C24E61B00473200692BBB /* Main.storyboard */,
				564C24E01B00473200692BBB /* Supporting Files */,
			);
			path = Psychologist;
			sourceTree = "<group>";
		};
		564C24E01B00473200692BBB /* Supporting Files */ = {
			isa = PBXGroup;
			children = (
				564C24EB1B00473200692BBB /* LaunchScreen.xib */,
				564C24E91B00473200692BBB /* Images.xcassets */,
				564C24E21B00473200692BBB /* AppDelegate.swift */,
				564C24E11B00473200692BBB /* Info.plist */,
			);
			name = "Supporting Files";
			sourceTree = "<group>";
		};
		564C24F51B00473200692BBB /* PsychologistTests */ = {
			isa = PBXGroup;
			children = (
				564C24F81B00473200692BBB /* PsychologistTests.swift */,
				564C24F61B00473200692BBB /* Supporting Files */,
			);
			path = PsychologistTests;
			sourceTree = "<group>";
		};
		564C24F61B00473200692BBB /* Supporting Files */ = {
			isa = PBXGroup;
			children = (
				564C24F71B00473200692BBB /* Info.plist */,
			);
			name = "Supporting Files";
			sourceTree = "<group>";
		};
/* End PBXGroup section */

/* Begin PBXNativeTarget section */
		564C24DC1B00473200692BBB /* Psychologist */ = {
			isa = PBXNativeTarget;
			buildConfigurationList = 564C24FC1B00473200692BBB /* Build configuration list for PBXNativeTarget "Psychologist" */;
			buildPhases = (
				564C24D91B00473200692BBB /* Sources */,
				564C24DA1B00473200692BBB /* Frameworks */,
				564C24DB1B00473200692BBB /* Resources */,
			);
			buildRules = (
			);
			dependencies = (
			);
			name = Psychologist;
			productName = Psychologist;
			productReference = 564C24DD1B00473200692BBB /* Psychologist.app */;
			productType = "com.apple.product-type.application";
		};
		564C24F11B00473200692BBB /* PsychologistTests */ = {
			isa = PBXNativeTarget;
			buildConfigurationList = 564C24FF1B00473200692BBB /* Build configuration list for PBXNativeTarget "PsychologistTests" */;
			buildPhases = (
				564C24EE1B00473200692BBB /* Sources */,
				564C24EF1B00473200692BBB /* Frameworks */,
				564C24F01B00473200692BBB /* Resources */,
			);
			buildRules = (
			);
			dependencies = (
				564C24F41B00473200692BBB /* PBXTargetDependency */,
			);
			name = PsychologistTests;
			productName = PsychologistTests;
			productReference = 564C24F21B00473200692BBB /* PsychologistTests.xctest */;
			productType = "com.apple.product-type.bundle.unit-test";
		};
/* End PBXNativeTarget section */

/* Begin PBXProject section */
		564C24D51B00473200692BBB /* Project object */ = {
			isa = PBXProject;
			attributes = {
				LastUpgradeCheck = 0610;
				ORGANIZATIONNAME = "Zhaolong Zhong";
				TargetAttributes = {
					564C24DC1B00473200692BBB = {
						CreatedOnToolsVersion = 6.1.1;
					};
					564C24F11B00473200692BBB = {
						CreatedOnToolsVersion = 6.1.1;
						TestTargetID = 564C24DC1B00473200692BBB;
					};
				};
			};
			buildConfigurationList = 564C24D81B00473200692BBB /* Build configuration list for PBXProject "Psychologist" */;
			compatibilityVersion = "Xcode 3.2";
			developmentRegion = English;
			hasScannedForEncodings = 0;
			knownRegions = (
				en,
				Base,
			);
			mainGroup = 564C24D41B00473200692BBB;
			productRefGroup = 564C24DE1B00473200692BBB /* Products */;
			projectDirPath = "";
			projectRoot = "";
			targets = (
				564C24DC1B00473200692BBB /* Psychologist */,
				564C24F11B00473200692BBB /* PsychologistTests */,
			);
		};
/* End PBXProject section */

/* Begin PBXResourcesBuildPhase section */
		564C24DB1B00473200692BBB /* Resources */ = {
			isa = PBXResourcesBuildPhase;
			buildActionMask = 2147483647;
			files = (
				564C24E81B00473200692BBB /* Main.storyboard in Resources */,
				564C24ED1B00473200692BBB /* LaunchScreen.xib in Resources */,
				564C24EA1B00473200692BBB /* Images.xcassets in Resources */,
			);
			runOnlyForDeploymentPostprocessing = 0;
		};
		564C24F01B00473200692BBB /* Resources */ = {
			isa = PBXResourcesBuildPhase;
			buildActionMask = 2147483647;
			files = (
			);
			runOnlyForDeploymentPostprocessing = 0;
		};
/* End PBXResourcesBuildPhase section */

/* Begin PBXSourcesBuildPhase section */
		564C24D91B00473200692BBB /* Sources */ = {
			isa = PBXSourcesBuildPhase;
			buildActionMask = 2147483647;
			files = (
				564C24E51B00473200692BBB /* PsychologistViewController.swift in Sources */,
				564C24E31B00473200692BBB /* AppDelegate.swift in Sources */,
				564C25051B004A7500692BBB /* HappinessViewController.swift in Sources */,
				564C25041B004A7500692BBB /* FaceView.swift in Sources */,
			);
			runOnlyForDeploymentPostprocessing = 0;
		};
		564C24EE1B00473200692BBB /* Sources */ = {
			isa = PBXSourcesBuildPhase;
			buildActionMask = 2147483647;
			files = (
				564C24F91B00473200692BBB /* PsychologistTests.swift in Sources */,
			);
			runOnlyForDeploymentPostprocessing = 0;
		};
/* End PBXSourcesBuildPhase section */

/* Begin PBXTargetDependency section */
		564C24F41B00473200692BBB /* PBXTargetDependency */ = {
			isa = PBXTargetDependency;
			target = 564C24DC1B00473200692BBB /* Psychologist */;
			targetProxy = 564C24F31B00473200692BBB /* PBXContainerItemProxy */;
		};
/* End PBXTargetDependency section */

/* Begin PBXVariantGroup section */
		564C24E61B00473200692BBB /* Main.storyboard */ = {
			isa = PBXVariantGroup;
			children = (
				564C24E71B00473200692BBB /* Base */,
			);
			name = Main.storyboard;
			sourceTree = "<group>";
		};
		564C24EB1B00473200692BBB /* LaunchScreen.xib */ = {
			isa = PBXVariantGroup;
			children = (
				564C24EC1B00473200692BBB /* Base */,
			);
			name = LaunchScreen.xib;
			sourceTree = "<group>";
		};
/* End PBXVariantGroup section */

/* Begin XCBuildConfiguration section */
		564C24FA1B00473200692BBB /* Debug */ = {
			isa = XCBuildConfiguration;
			buildSettings = {
				ALWAYS_SEARCH_USER_PATHS = NO;
				CLANG_CXX_LANGUAGE_STANDARD = "gnu++0x";
				CLANG_CXX_LIBRARY = "libc++";
				CLANG_ENABLE_MODULES = YES;
				CLANG_ENABLE_OBJC_ARC = YES;
				CLANG_WARN_BOOL_CONVERSION = YES;
				CLANG_WARN_CONSTANT_CONVERSION = YES;
				CLANG_WARN_DIRECT_OBJC_ISA_USAGE = YES_ERROR;
				CLANG_WARN_EMPTY_BODY = YES;
				CLANG_WARN_ENUM_CONVERSION = YES;
				CLANG_WARN_INT_CONVERSION = YES;
				CLANG_WARN_OBJC_ROOT_CLASS = YES_ERROR;
				CLANG_WARN_UNREACHABLE_CODE = YES;
				CLANG_WARN__DUPLICATE_METHOD_MATCH = YES;
				"CODE_SIGN_IDENTITY[sdk=iphoneos*]" = "iPhone Developer";
				COPY_PHASE_STRIP = NO;
				ENABLE_STRICT_OBJC_MSGSEND = YES;
				GCC_C_LANGUAGE_STANDARD = gnu99;
				GCC_DYNAMIC_NO_PIC = NO;
				GCC_OPTIMIZATION_LEVEL = 0;
				GCC_PREPROCESSOR_DEFINITIONS = (
					"DEBUG=1",
					"$(inherited)",
				);
				GCC_SYMBOLS_PRIVATE_EXTERN = NO;
				GCC_WARN_64_TO_32_BIT_CONVERSION = YES;
				GCC_WARN_ABOUT_RETURN_TYPE = YES_ERROR;
				GCC_WARN_UNDECLARED_SELECTOR = YES;
				GCC_WARN_UNINITIALIZED_AUTOS = YES_AGGRESSIVE;
				GCC_WARN_UNUSED_FUNCTION = YES;
				GCC_WARN_UNUSED_VARIABLE = YES;
				IPHONEOS_DEPLOYMENT_TARGET = 8.1;
				MTL_ENABLE_DEBUG_INFO = YES;
				ONLY_ACTIVE_ARCH = YES;
				SDKROOT = iphoneos;
				SWIFT_OPTIMIZATION_LEVEL = "-Onone";
				TARGETED_DEVICE_FAMILY = "1,2";
			};
			name = Debug;
		};
		564C24FB1B00473200692BBB /* Release */ = {
			isa = XCBuildConfiguration;
			buildSettings = {
				ALWAYS_SEARCH_USER_PATHS = NO;
				CLANG_CXX_LANGUAGE_STANDARD = "gnu++0x";
				CLANG_CXX_LIBRARY = "libc++";
				CLANG_ENABLE_MODULES = YES;
				CLANG_ENABLE_OBJC_ARC = YES;
				CLANG_WARN_BOOL_CONVERSION = YES;
				CLANG_WARN_CONSTANT_CONVERSION = YES;
				CLANG_WARN_DIRECT_OBJC_ISA_USAGE = YES_ERROR;
				CLANG_WARN_EMPTY_BODY = YES;
				CLANG_WARN_ENUM_CONVERSION = YES;
				CLANG_WARN_INT_CONVERSION = YES;
				CLANG_WARN_OBJC_ROOT_CLASS = YES_ERROR;
				CLANG_WARN_UNREACHABLE_CODE = YES;
				CLANG_WARN__DUPLICATE_METHOD_MATCH = YES;
				"CODE_SIGN_IDENTITY[sdk=iphoneos*]" = "iPhone Developer";
				COPY_PHASE_STRIP = YES;
				ENABLE_NS_ASSERTIONS = NO;
				ENABLE_STRICT_OBJC_MSGSEND = YES;
				GCC_C_LANGUAGE_STANDARD = gnu99;
				GCC_WARN_64_TO_32_BIT_CONVERSION = YES;
				GCC_WARN_ABOUT_RETURN_TYPE = YES_ERROR;
				GCC_WARN_UNDECLARED_SELECTOR = YES;
				GCC_WARN_UNINITIALIZED_AUTOS = YES_AGGRESSIVE;
				GCC_WARN_UNUSED_FUNCTION = YES;
				GCC_WARN_UNUSED_VARIABLE = YES;
				IPHONEOS_DEPLOYMENT_TARGET = 8.1;
				MTL_ENABLE_DEBUG_INFO = NO;
				SDKROOT = iphoneos;
				TARGETED_DEVICE_FAMILY = "1,2";
				VALIDATE_PRODUCT = YES;
			};
			name = Release;
		};
		564C24FD1B00473200692BBB /* Debug */ = {
			isa = XCBuildConfiguration;
			buildSettings = {
				ASSETCATALOG_COMPILER_APPICON_NAME = AppIcon;
				INFOPLIST_FILE = Psychologist/Info.plist;
				LD_RUNPATH_SEARCH_PATHS = "$(inherited) @executable_path/Frameworks";
				PRODUCT_NAME = "$(TARGET_NAME)";
			};
			name = Debug;
		};
		564C24FE1B00473200692BBB /* Release */ = {
			isa = XCBuildConfiguration;
			buildSettings = {
				ASSETCATALOG_COMPILER_APPICON_NAME = AppIcon;
				INFOPLIST_FILE = Psychologist/Info.plist;
				LD_RUNPATH_SEARCH_PATHS = "$(inherited) @executable_path/Frameworks";
				PRODUCT_NAME = "$(TARGET_NAME)";
			};
			name = Release;
		};
		564C25001B00473200692BBB /* Debug */ = {
			isa = XCBuildConfiguration;
			buildSettings = {
				BUNDLE_LOADER = "$(TEST_HOST)";
				FRAMEWORK_SEARCH_PATHS = (
					"$(SDKROOT)/Developer/Library/Frameworks",
					"$(inherited)",
				);
				GCC_PREPROCESSOR_DEFINITIONS = (
					"DEBUG=1",
					"$(inherited)",
				);
				INFOPLIST_FILE = PsychologistTests/Info.plist;
				LD_RUNPATH_SEARCH_PATHS = "$(inherited) @executable_path/Frameworks @loader_path/Frameworks";
				PRODUCT_NAME = "$(TARGET_NAME)";
				TEST_HOST = "$(BUILT_PRODUCTS_DIR)/Psychologist.app/Psychologist";
			};
			name = Debug;
		};
		564C25011B00473200692BBB /* Release */ = {
			isa = XCBuildConfiguration;
			buildSettings = {
				BUNDLE_LOADER = "$(TEST_HOST)";
				FRAMEWORK_SEARCH_PATHS = (
					"$(SDKROOT)/Developer/Library/Frameworks",
					"$(inherited)",
				);
				INFOPLIST_FILE = PsychologistTests/Info.plist;
				LD_RUNPATH_SEARCH_PATHS = "$(inherited) @executable_path/Frameworks @loader_path/Frameworks";
				PRODUCT_NAME = "$(TARGET_NAME)";
				TEST_HOST = "$(BUILT_PRODUCTS_DIR)/Psychologist.app/Psychologist";
			};
			name = Release;
		};
/* End XCBuildConfiguration section */

/* Begin XCConfigurationList section */
		564C24D81B00473200692BBB /* Build configuration list for PBXProject "Psychologist" */ = {
			isa = XCConfigurationList;
			buildConfigurations = (
				564C24FA1B00473200692BBB /* Debug */,
				564C24FB1B00473200692BBB /* Release */,
			);
			defaultConfigurationIsVisible = 0;
			defaultConfigurationName = Release;
		};
		564C24FC1B00473200692BBB /* Build configuration list for PBXNativeTarget "Psychologist" */ = {
			isa = XCConfigurationList;
			buildConfigurations = (
				564C24FD1B00473200692BBB /* Debug */,
				564C24FE1B00473200692BBB /* Release */,
			);
			defaultConfigurationIsVisible = 0;
		};
		564C24FF1B00473200692BBB /* Build configuration list for PBXNativeTarget "PsychologistTests" */ = {
			isa = XCConfigurationList;
			buildConfigurations = (
				564C25001B00473200692BBB /* Debug */,
				564C25011B00473200692BBB /* Release */,
			);
			defaultConfigurationIsVisible = 0;
		};
/* End XCConfigurationList section */
	};
	rootObject = 564C24D51B00473200692BBB /* Project object */;
}
